
Microsoft Visual Studio Solution File, Format Version 12.00
# Visual Studio Version 17
VisualStudioVersion = 17.0.31919.166
MinimumVisualStudioVersion = 10.0.40219.1
Project("{F184B08F-C81C-45F6-A57F-5ABD9991F28F}") = "AoC_vb", "AoC_vb\AoC_vb.vbproj", "{E5314611-AE33-472F-A7B0-BAD78F7D19F0}"
EndProject
Project("{FAE04EC0-301F-11D3-BF4B-00C04F79EFBC}") = "AoC_cs", "AoC_cs\AoC_cs.csproj", "{7AA9EEA0-06CD-4AB1-9BDC-08928D2260D7}"
EndProject
Project("{FAE04EC0-301F-11D3-BF4B-00C04F79EFBC}") = "AoC_Runner", "AoC_Runner\AoC_Runner.csproj", "{2FC5C7D5-FE7E-4E8F-B849-2050E8A3B363}"
EndProject
Project("{FAE04EC0-301F-11D3-BF4B-00C04F79EFBC}") = "AoC_Template", "AoC_Template\AoC_Template.csproj", "{D1DF8FAF-F569-4C35-8B11-E297DEF33512}"
EndProject
Global
	GlobalSection(SolutionConfigurationPlatforms) = preSolution
		Debug|Any CPU = Debug|Any CPU
		Release|Any CPU = Release|Any CPU
	EndGlobalSection
	GlobalSection(ProjectConfigurationPlatforms) = postSolution
		{E5314611-AE33-472F-A7B0-BAD78F7D19F0}.Debug|Any CPU.ActiveCfg = Debug|Any CPU
		{E5314611-AE33-472F-A7B0-BAD78F7D19F0}.Debug|Any CPU.Build.0 = Debug|Any CPU
		{E5314611-AE33-472F-A7B0-BAD78F7D19F0}.Release|Any CPU.ActiveCfg = Release|Any CPU
		{E5314611-AE33-472F-A7B0-BAD78F7D19F0}.Release|Any CPU.Build.0 = Release|Any CPU
		{7AA9EEA0-06CD-4AB1-9BDC-08928D2260D7}.Debug|Any CPU.ActiveCfg = Debug|Any CPU
		{7AA9EEA0-06CD-4AB1-9BDC-08928D2260D7}.Debug|Any CPU.Build.0 = Debug|Any CPU
		{7AA9EEA0-06CD-4AB1-9BDC-08928D2260D7}.Release|Any CPU.ActiveCfg = Release|Any CPU
		{7AA9EEA0-06CD-4AB1-9BDC-08928D2260D7}.Release|Any CPU.Build.0 = Release|Any CPU
		{2FC5C7D5-FE7E-4E8F-B849-2050E8A3B363}.Debug|Any CPU.ActiveCfg = Debug|Any CPU
		{2FC5C7D5-FE7E-4E8F-B849-2050E8A3B363}.Debug|Any CPU.Build.0 = Debug|Any CPU
		{2FC5C7D5-FE7E-4E8F-B849-2050E8A3B363}.Release|Any CPU.ActiveCfg = Release|Any CPU
		{2FC5C7D5-FE7E-4E8F-B849-2050E8A3B363}.Release|Any CPU.Build.0 = Release|Any CPU
		{D1DF8FAF-F569-4C35-8B11-E297DEF33512}.Debug|Any CPU.ActiveCfg = Debug|Any CPU
		{D1DF8FAF-F569-4C35-8B11-E297DEF33512}.Debug|Any CPU.Build.0 = Debug|Any CPU
		{D1DF8FAF-F569-4C35-8B11-E297DEF33512}.Release|Any CPU.ActiveCfg = Release|Any CPU
		{D1DF8FAF-F569-4C35-8B11-E297DEF33512}.Release|Any CPU.Build.0 = Release|Any CPU
	EndGlobalSection
	GlobalSection(SolutionProperties) = preSolution
		HideSolutionNode = FALSE
	EndGlobalSection
	GlobalSection(ExtensibilityGlobals) = postSolution
		SolutionGuid = {3A20C049-7B0F-4325-A69B-EA5181A12028}
	EndGlobalSection
EndGlobal
